
Microsoft Visual Studio Solution File, Format Version 12.00
# Visual Studio Version 16
VisualStudioVersion = 16.0.30225.117
MinimumVisualStudioVersion = 10.0.40219.1
Project("{FAE04EC0-301F-11D3-BF4B-00C04F79EFBC}") = "RideShare.API", "RideShare\RideShare.API.csproj", "{96A47023-D377-46CA-B461-5942AB971544}"
EndProject
Project("{FAE04EC0-301F-11D3-BF4B-00C04F79EFBC}") = "RideShare.Data", "RideShare.Data\RideShare.Data.csproj", "{CA35DAD5-8339-4A54-9C69-E03125F57631}"
EndProject
Global
	GlobalSection(SolutionConfigurationPlatforms) = preSolution
		Debug|Any CPU = Debug|Any CPU
		Release|Any CPU = Release|Any CPU
	EndGlobalSection
	GlobalSection(ProjectConfigurationPlatforms) = postSolution
		{96A47023-D377-46CA-B461-5942AB971544}.Debug|Any CPU.ActiveCfg = Debug|Any CPU
		{96A47023-D377-46CA-B461-5942AB971544}.Debug|Any CPU.Build.0 = Debug|Any CPU
		{96A47023-D377-46CA-B461-5942AB971544}.Release|Any CPU.ActiveCfg = Release|Any CPU
		{96A47023-D377-46CA-B461-5942AB971544}.Release|Any CPU.Build.0 = Release|Any CPU
		{CA35DAD5-8339-4A54-9C69-E03125F57631}.Debug|Any CPU.ActiveCfg = Debug|Any CPU
		{CA35DAD5-8339-4A54-9C69-E03125F57631}.Debug|Any CPU.Build.0 = Debug|Any CPU
		{CA35DAD5-8339-4A54-9C69-E03125F57631}.Release|Any CPU.ActiveCfg = Release|Any CPU
		{CA35DAD5-8339-4A54-9C69-E03125F57631}.Release|Any CPU.Build.0 = Release|Any CPU
	EndGlobalSection
	GlobalSection(SolutionProperties) = preSolution
		HideSolutionNode = FALSE
	EndGlobalSection
	GlobalSection(ExtensibilityGlobals) = postSolution
		SolutionGuid = {CB7B802C-973B-4AFC-8AEC-710410A35BE4}
	EndGlobalSection
EndGlobal
